// !$*UTF8*$!
{
	archiveVersion = 1;
	classes = {
	};
	objectVersion = 51;
	objects = {

/* Begin PBXBuildFile section */
		9D46C798BFB4CAE00E31434F /* Pods_DemoXMPP.framework in Frameworks */ = {isa = PBXBuildFile; fileRef = D02C2E47A7F0E0E5E3205D56 /* Pods_DemoXMPP.framework */; };
		E61409AE25F9717200106F2E /* WeatherTableViewCell.swift in Sources */ = {isa = PBXBuildFile; fileRef = E61409AC25F9717200106F2E /* WeatherTableViewCell.swift */; };
		E61409AF25F9717200106F2E /* WeatherTableViewCell.xib in Resources */ = {isa = PBXBuildFile; fileRef = E61409AD25F9717200106F2E /* WeatherTableViewCell.xib */; };
		E61409B825F9722E00106F2E /* Terminology.swift in Sources */ = {isa = PBXBuildFile; fileRef = E61409B725F9722E00106F2E /* Terminology.swift */; };
		E64417F325F9C7EA00B16F4A /* WeatherDataViewModel.swift in Sources */ = {isa = PBXBuildFile; fileRef = E64417F225F9C7EA00B16F4A /* WeatherDataViewModel.swift */; };
		E64417FC25F9CFF100B16F4A /* DatabaseHelper.swift in Sources */ = {isa = PBXBuildFile; fileRef = E64417FB25F9CFF100B16F4A /* DatabaseHelper.swift */; };
		E644180425F9D5EA00B16F4A /* WeatherDetailViewController.swift in Sources */ = {isa = PBXBuildFile; fileRef = E644180325F9D5EA00B16F4A /* WeatherDetailViewController.swift */; };
		E651614025F9767B00815E11 /* Service.swift in Sources */ = {isa = PBXBuildFile; fileRef = E651613F25F9767B00815E11 /* Service.swift */; };
		E651614E25F97E8000815E11 /* WeatherModel.swift in Sources */ = {isa = PBXBuildFile; fileRef = E651614D25F97E8000815E11 /* WeatherModel.swift */; };
		E6825D7B25F9612500F1259E /* AppDelegate.swift in Sources */ = {isa = PBXBuildFile; fileRef = E6825D7A25F9612500F1259E /* AppDelegate.swift */; };
		E6825D7D25F9612500F1259E /* SceneDelegate.swift in Sources */ = {isa = PBXBuildFile; fileRef = E6825D7C25F9612500F1259E /* SceneDelegate.swift */; };
		E6825D7F25F9612500F1259E /* ViewController.swift in Sources */ = {isa = PBXBuildFile; fileRef = E6825D7E25F9612500F1259E /* ViewController.swift */; };
		E6825D8225F9612500F1259E /* Main.storyboard in Resources */ = {isa = PBXBuildFile; fileRef = E6825D8025F9612500F1259E /* Main.storyboard */; };
		E6825D8525F9612500F1259E /* DemoXMPP.xcdatamodeld in Sources */ = {isa = PBXBuildFile; fileRef = E6825D8325F9612500F1259E /* DemoXMPP.xcdatamodeld */; };
		E6825D8725F9612800F1259E /* Assets.xcassets in Resources */ = {isa = PBXBuildFile; fileRef = E6825D8625F9612800F1259E /* Assets.xcassets */; };
		E6825D8A25F9612800F1259E /* LaunchScreen.storyboard in Resources */ = {isa = PBXBuildFile; fileRef = E6825D8825F9612800F1259E /* LaunchScreen.storyboard */; };
		E6825D9525F9612800F1259E /* DemoXMPPTests.swift in Sources */ = {isa = PBXBuildFile; fileRef = E6825D9425F9612800F1259E /* DemoXMPPTests.swift */; };
		E6825DA025F9612800F1259E /* DemoXMPPUITests.swift in Sources */ = {isa = PBXBuildFile; fileRef = E6825D9F25F9612800F1259E /* DemoXMPPUITests.swift */; };
		E6825DC725F9677400F1259E /* XMPPController.swift in Sources */ = {isa = PBXBuildFile; fileRef = E6825DC625F9677400F1259E /* XMPPController.swift */; };
		E6825DCD25F967A400F1259E /* LogInViewController.swift in Sources */ = {isa = PBXBuildFile; fileRef = E6825DCC25F967A400F1259E /* LogInViewController.swift */; };
/* End PBXBuildFile section */

/* Begin PBXContainerItemProxy section */
		E6825D9125F9612800F1259E /* PBXContainerItemProxy */ = {
			isa = PBXContainerItemProxy;
			containerPortal = E6825D6F25F9612500F1259E /* Project object */;
			proxyType = 1;
			remoteGlobalIDString = E6825D7625F9612500F1259E;
			remoteInfo = DemoXMPP;
		};
		E6825D9C25F9612800F1259E /* PBXContainerItemProxy */ = {
			isa = PBXContainerItemProxy;
			containerPortal = E6825D6F25F9612500F1259E /* Project object */;
			proxyType = 1;
			remoteGlobalIDString = E6825D7625F9612500F1259E;
			remoteInfo = DemoXMPP;
		};
/* End PBXContainerItemProxy section */

/* Begin PBXFileReference section */
		10E8F3CD5D554AAD11A8BD1E /* Pods-DemoXMPP.release.xcconfig */ = {isa = PBXFileReference; includeInIndex = 1; lastKnownFileType = text.xcconfig; name = "Pods-DemoXMPP.release.xcconfig"; path = "Target Support Files/Pods-DemoXMPP/Pods-DemoXMPP.release.xcconfig"; sourceTree = "<group>"; };
		5400F9030BF62253522D6842 /* Pods-DemoXMPP.debug.xcconfig */ = {isa = PBXFileReference; includeInIndex = 1; lastKnownFileType = text.xcconfig; name = "Pods-DemoXMPP.debug.xcconfig"; path = "Target Support Files/Pods-DemoXMPP/Pods-DemoXMPP.debug.xcconfig"; sourceTree = "<group>"; };
		D02C2E47A7F0E0E5E3205D56 /* Pods_DemoXMPP.framework */ = {isa = PBXFileReference; explicitFileType = wrapper.framework; includeInIndex = 0; path = Pods_DemoXMPP.framework; sourceTree = BUILT_PRODUCTS_DIR; };
		E61409AC25F9717200106F2E /* WeatherTableViewCell.swift */ = {isa = PBXFileReference; lastKnownFileType = sourcecode.swift; path = WeatherTableViewCell.swift; sourceTree = "<group>"; };
		E61409AD25F9717200106F2E /* WeatherTableViewCell.xib */ = {isa = PBXFileReference; lastKnownFileType = file.xib; path = WeatherTableViewCell.xib; sourceTree = "<group>"; };
		E61409B725F9722E00106F2E /* Terminology.swift */ = {isa = PBXFileReference; lastKnownFileType = sourcecode.swift; path = Terminology.swift; sourceTree = "<group>"; };
		E64417F225F9C7EA00B16F4A /* WeatherDataViewModel.swift */ = {isa = PBXFileReference; lastKnownFileType = sourcecode.swift; path = WeatherDataViewModel.swift; sourceTree = "<group>"; };
		E64417FB25F9CFF100B16F4A /* DatabaseHelper.swift */ = {isa = PBXFileReference; fileEncoding = 4; lastKnownFileType = sourcecode.swift; path = DatabaseHelper.swift; sourceTree = "<group>"; };
		E644180325F9D5EA00B16F4A /* WeatherDetailViewController.swift */ = {isa = PBXFileReference; lastKnownFileType = sourcecode.swift; path = WeatherDetailViewController.swift; sourceTree = "<group>"; };
		E651613F25F9767B00815E11 /* Service.swift */ = {isa = PBXFileReference; fileEncoding = 4; lastKnownFileType = sourcecode.swift; path = Service.swift; sourceTree = "<group>"; };
		E651614525F97AB100815E11 /* DemoXMPP-Dev.xcconfig */ = {isa = PBXFileReference; lastKnownFileType = text.xcconfig; path = "DemoXMPP-Dev.xcconfig"; sourceTree = "<group>"; };
		E651614D25F97E8000815E11 /* WeatherModel.swift */ = {isa = PBXFileReference; lastKnownFileType = sourcecode.swift; path = WeatherModel.swift; sourceTree = "<group>"; };
		E6825D7725F9612500F1259E /* DemoXMPP.app */ = {isa = PBXFileReference; explicitFileType = wrapper.application; includeInIndex = 0; path = DemoXMPP.app; sourceTree = BUILT_PRODUCTS_DIR; };
		E6825D7A25F9612500F1259E /* AppDelegate.swift */ = {isa = PBXFileReference; lastKnownFileType = sourcecode.swift; path = AppDelegate.swift; sourceTree = "<group>"; };
		E6825D7C25F9612500F1259E /* SceneDelegate.swift */ = {isa = PBXFileReference; lastKnownFileType = sourcecode.swift; path = SceneDelegate.swift; sourceTree = "<group>"; };
		E6825D7E25F9612500F1259E /* ViewController.swift */ = {isa = PBXFileReference; lastKnownFileType = sourcecode.swift; path = ViewController.swift; sourceTree = "<group>"; };
		E6825D8125F9612500F1259E /* Base */ = {isa = PBXFileReference; lastKnownFileType = file.storyboard; name = Base; path = Base.lproj/Main.storyboard; sourceTree = "<group>"; };
		E6825D8425F9612500F1259E /* DemoXMPP.xcdatamodel */ = {isa = PBXFileReference; lastKnownFileType = wrapper.xcdatamodel; path = DemoXMPP.xcdatamodel; sourceTree = "<group>"; };
		E6825D8625F9612800F1259E /* Assets.xcassets */ = {isa = PBXFileReference; lastKnownFileType = folder.assetcatalog; path = Assets.xcassets; sourceTree = "<group>"; };
		E6825D8925F9612800F1259E /* Base */ = {isa = PBXFileReference; lastKnownFileType = file.storyboard; name = Base; path = Base.lproj/LaunchScreen.storyboard; sourceTree = "<group>"; };
		E6825D8B25F9612800F1259E /* Info.plist */ = {isa = PBXFileReference; lastKnownFileType = text.plist.xml; path = Info.plist; sourceTree = "<group>"; };
		E6825D9025F9612800F1259E /* DemoXMPPTests.xctest */ = {isa = PBXFileReference; explicitFileType = wrapper.cfbundle; includeInIndex = 0; path = DemoXMPPTests.xctest; sourceTree = BUILT_PRODUCTS_DIR; };
		E6825D9425F9612800F1259E /* DemoXMPPTests.swift */ = {isa = PBXFileReference; lastKnownFileType = sourcecode.swift; path = DemoXMPPTests.swift; sourceTree = "<group>"; };
		E6825D9625F9612800F1259E /* Info.plist */ = {isa = PBXFileReference; lastKnownFileType = text.plist.xml; path = Info.plist; sourceTree = "<group>"; };
		E6825D9B25F9612800F1259E /* DemoXMPPUITests.xctest */ = {isa = PBXFileReference; explicitFileType = wrapper.cfbundle; includeInIndex = 0; path = DemoXMPPUITests.xctest; sourceTree = BUILT_PRODUCTS_DIR; };
		E6825D9F25F9612800F1259E /* DemoXMPPUITests.swift */ = {isa = PBXFileReference; lastKnownFileType = sourcecode.swift; path = DemoXMPPUITests.swift; sourceTree = "<group>"; };
		E6825DA125F9612800F1259E /* Info.plist */ = {isa = PBXFileReference; lastKnownFileType = text.plist.xml; path = Info.plist; sourceTree = "<group>"; };
		E6825DC625F9677400F1259E /* XMPPController.swift */ = {isa = PBXFileReference; fileEncoding = 4; lastKnownFileType = sourcecode.swift; path = XMPPController.swift; sourceTree = "<group>"; };
		E6825DCC25F967A400F1259E /* LogInViewController.swift */ = {isa = PBXFileReference; fileEncoding = 4; lastKnownFileType = sourcecode.swift; path = LogInViewController.swift; sourceTree = "<group>"; };
/* End PBXFileReference section */

/* Begin PBXFrameworksBuildPhase section */
		E6825D7425F9612500F1259E /* Frameworks */ = {
			isa = PBXFrameworksBuildPhase;
			buildActionMask = 2147483647;
			files = (
				9D46C798BFB4CAE00E31434F /* Pods_DemoXMPP.framework in Frameworks */,
			);
			runOnlyForDeploymentPostprocessing = 0;
		};
		E6825D8D25F9612800F1259E /* Frameworks */ = {
			isa = PBXFrameworksBuildPhase;
			buildActionMask = 2147483647;
			files = (
			);
			runOnlyForDeploymentPostprocessing = 0;
		};
		E6825D9825F9612800F1259E /* Frameworks */ = {
			isa = PBXFrameworksBuildPhase;
			buildActionMask = 2147483647;
			files = (
			);
			runOnlyForDeploymentPostprocessing = 0;
		};
/* End PBXFrameworksBuildPhase section */

/* Begin PBXGroup section */
		A1A967E7DEB75732FC23D7E8 /* Pods */ = {
			isa = PBXGroup;
			children = (
				5400F9030BF62253522D6842 /* Pods-DemoXMPP.debug.xcconfig */,
				10E8F3CD5D554AAD11A8BD1E /* Pods-DemoXMPP.release.xcconfig */,
			);
			path = Pods;
			sourceTree = "<group>";
		};
		E61409AB25F9714A00106F2E /* Cells */ = {
			isa = PBXGroup;
			children = (
				E61409AC25F9717200106F2E /* WeatherTableViewCell.swift */,
				E61409AD25F9717200106F2E /* WeatherTableViewCell.xib */,
			);
			path = Cells;
			sourceTree = "<group>";
		};
		E61409B625F9721800106F2E /* Resources */ = {
			isa = PBXGroup;
			children = (
				E61409B725F9722E00106F2E /* Terminology.swift */,
			);
			path = Resources;
			sourceTree = "<group>";
		};
		E61409BF25F973B900106F2E /* Controllers */ = {
			isa = PBXGroup;
			children = (
				E6825DCC25F967A400F1259E /* LogInViewController.swift */,
				E6825D7E25F9612500F1259E /* ViewController.swift */,
				E644180325F9D5EA00B16F4A /* WeatherDetailViewController.swift */,
			);
			path = Controllers;
			sourceTree = "<group>";
		};
		E64417F125F9C7C600B16F4A /* ViewModel */ = {
			isa = PBXGroup;
			children = (
				E64417F225F9C7EA00B16F4A /* WeatherDataViewModel.swift */,
			);
			path = ViewModel;
			sourceTree = "<group>";
		};
		E64417FA25F9CFE000B16F4A /* DBHelper */ = {
			isa = PBXGroup;
			children = (
				E64417FB25F9CFF100B16F4A /* DatabaseHelper.swift */,
			);
			path = DBHelper;
			sourceTree = "<group>";
		};
		E651612C25F974C400815E11 /* HTTPRequest */ = {
			isa = PBXGroup;
			children = (
				E651613F25F9767B00815E11 /* Service.swift */,
			);
			path = HTTPRequest;
			sourceTree = "<group>";
		};
		E651614425F97A8C00815E11 /* Config */ = {
			isa = PBXGroup;
			children = (
				E651614525F97AB100815E11 /* DemoXMPP-Dev.xcconfig */,
			);
			path = Config;
			sourceTree = "<group>";
		};
		E651614C25F97E4600815E11 /* Modal */ = {
			isa = PBXGroup;
			children = (
				E651614D25F97E8000815E11 /* WeatherModel.swift */,
			);
			path = Modal;
			sourceTree = "<group>";
		};
		E6825D6E25F9612500F1259E = {
			isa = PBXGroup;
			children = (
				E6825D7925F9612500F1259E /* DemoXMPP */,
				E6825D9325F9612800F1259E /* DemoXMPPTests */,
				E6825D9E25F9612800F1259E /* DemoXMPPUITests */,
				E6825D7825F9612500F1259E /* Products */,
				A1A967E7DEB75732FC23D7E8 /* Pods */,
				FE3324F7557A6B7DBD66C1EE /* Frameworks */,
			);
			sourceTree = "<group>";
		};
		E6825D7825F9612500F1259E /* Products */ = {
			isa = PBXGroup;
			children = (
				E6825D7725F9612500F1259E /* DemoXMPP.app */,
				E6825D9025F9612800F1259E /* DemoXMPPTests.xctest */,
				E6825D9B25F9612800F1259E /* DemoXMPPUITests.xctest */,
			);
			name = Products;
			sourceTree = "<group>";
		};
		E6825D7925F9612500F1259E /* DemoXMPP */ = {
			isa = PBXGroup;
			children = (
				E64417FA25F9CFE000B16F4A /* DBHelper */,
				E64417F125F9C7C600B16F4A /* ViewModel */,
				E651614C25F97E4600815E11 /* Modal */,
				E651614425F97A8C00815E11 /* Config */,
				E651612C25F974C400815E11 /* HTTPRequest */,
				E61409B625F9721800106F2E /* Resources */,
				E6825DCB25F9678E00F1259E /* View */,
				E6825DC525F9675B00F1259E /* ThirdPartyWrapper */,
				E6825D7A25F9612500F1259E /* AppDelegate.swift */,
				E6825D7C25F9612500F1259E /* SceneDelegate.swift */,
				E6825D8025F9612500F1259E /* Main.storyboard */,
				E6825D8625F9612800F1259E /* Assets.xcassets */,
				E6825D8825F9612800F1259E /* LaunchScreen.storyboard */,
				E6825D8B25F9612800F1259E /* Info.plist */,
				E6825D8325F9612500F1259E /* DemoXMPP.xcdatamodeld */,
			);
			path = DemoXMPP;
			sourceTree = "<group>";
		};
		E6825D9325F9612800F1259E /* DemoXMPPTests */ = {
			isa = PBXGroup;
			children = (
				E6825D9425F9612800F1259E /* DemoXMPPTests.swift */,
				E6825D9625F9612800F1259E /* Info.plist */,
			);
			path = DemoXMPPTests;
			sourceTree = "<group>";
		};
		E6825D9E25F9612800F1259E /* DemoXMPPUITests */ = {
			isa = PBXGroup;
			children = (
				E6825D9F25F9612800F1259E /* DemoXMPPUITests.swift */,
				E6825DA125F9612800F1259E /* Info.plist */,
			);
			path = DemoXMPPUITests;
			sourceTree = "<group>";
		};
		E6825DC525F9675B00F1259E /* ThirdPartyWrapper */ = {
			isa = PBXGroup;
			children = (
				E6825DC625F9677400F1259E /* XMPPController.swift */,
			);
			path = ThirdPartyWrapper;
			sourceTree = "<group>";
		};
		E6825DCB25F9678E00F1259E /* View */ = {
			isa = PBXGroup;
			children = (
				E61409BF25F973B900106F2E /* Controllers */,
				E61409AB25F9714A00106F2E /* Cells */,
			);
			path = View;
			sourceTree = "<group>";
		};
		FE3324F7557A6B7DBD66C1EE /* Frameworks */ = {
			isa = PBXGroup;
			children = (
				D02C2E47A7F0E0E5E3205D56 /* Pods_DemoXMPP.framework */,
			);
			name = Frameworks;
			sourceTree = "<group>";
		};
/* End PBXGroup section */

/* Begin PBXNativeTarget section */
		E6825D7625F9612500F1259E /* DemoXMPP */ = {
			isa = PBXNativeTarget;
			buildConfigurationList = E6825DA425F9612800F1259E /* Build configuration list for PBXNativeTarget "DemoXMPP" */;
			buildPhases = (
				C44F7CCAD7D535F660079E2B /* [CP] Check Pods Manifest.lock */,
				E6825D7325F9612500F1259E /* Sources */,
				E6825D7425F9612500F1259E /* Frameworks */,
				E6825D7525F9612500F1259E /* Resources */,
				A43E3A71F9662576FA925B62 /* [CP] Embed Pods Frameworks */,
			);
			buildRules = (
			);
			dependencies = (
			);
			name = DemoXMPP;
			productName = DemoXMPP;
			productReference = E6825D7725F9612500F1259E /* DemoXMPP.app */;
			productType = "com.apple.product-type.application";
		};
		E6825D8F25F9612800F1259E /* DemoXMPPTests */ = {
			isa = PBXNativeTarget;
			buildConfigurationList = E6825DA725F9612800F1259E /* Build configuration list for PBXNativeTarget "DemoXMPPTests" */;
			buildPhases = (
				E6825D8C25F9612800F1259E /* Sources */,
				E6825D8D25F9612800F1259E /* Frameworks */,
				E6825D8E25F9612800F1259E /* Resources */,
			);
			buildRules = (
			);
			dependencies = (
				E6825D9225F9612800F1259E /* PBXTargetDependency */,
			);
			name = DemoXMPPTests;
			productName = DemoXMPPTests;
			productReference = E6825D9025F9612800F1259E /* DemoXMPPTests.xctest */;
			productType = "com.apple.product-type.bundle.unit-test";
		};
		E6825D9A25F9612800F1259E /* DemoXMPPUITests */ = {
			isa = PBXNativeTarget;
			buildConfigurationList = E6825DAA25F9612800F1259E /* Build configuration list for PBXNativeTarget "DemoXMPPUITests" */;
			buildPhases = (
				E6825D9725F9612800F1259E /* Sources */,
				E6825D9825F9612800F1259E /* Frameworks */,
				E6825D9925F9612800F1259E /* Resources */,
			);
			buildRules = (
			);
			dependencies = (
				E6825D9D25F9612800F1259E /* PBXTargetDependency */,
			);
			name = DemoXMPPUITests;
			productName = DemoXMPPUITests;
			productReference = E6825D9B25F9612800F1259E /* DemoXMPPUITests.xctest */;
			productType = "com.apple.product-type.bundle.ui-testing";
		};
/* End PBXNativeTarget section */

/* Begin PBXProject section */
		E6825D6F25F9612500F1259E /* Project object */ = {
			isa = PBXProject;
			attributes = {
				LastSwiftUpdateCheck = 1220;
				LastUpgradeCheck = 1220;
				TargetAttributes = {
					E6825D7625F9612500F1259E = {
						CreatedOnToolsVersion = 12.2;
					};
					E6825D8F25F9612800F1259E = {
						CreatedOnToolsVersion = 12.2;
						TestTargetID = E6825D7625F9612500F1259E;
					};
					E6825D9A25F9612800F1259E = {
						CreatedOnToolsVersion = 12.2;
						TestTargetID = E6825D7625F9612500F1259E;
					};
				};
			};
			buildConfigurationList = E6825D7225F9612500F1259E /* Build configuration list for PBXProject "DemoXMPP" */;
			compatibilityVersion = "Xcode 9.3";
			developmentRegion = en;
			hasScannedForEncodings = 0;
			knownRegions = (
				en,
				Base,
			);
			mainGroup = E6825D6E25F9612500F1259E;
			productRefGroup = E6825D7825F9612500F1259E /* Products */;
			projectDirPath = "";
			projectRoot = "";
			targets = (
				E6825D7625F9612500F1259E /* DemoXMPP */,
				E6825D8F25F9612800F1259E /* DemoXMPPTests */,
				E6825D9A25F9612800F1259E /* DemoXMPPUITests */,
			);
		};
/* End PBXProject section */

/* Begin PBXResourcesBuildPhase section */
		E6825D7525F9612500F1259E /* Resources */ = {
			isa = PBXResourcesBuildPhase;
			buildActionMask = 2147483647;
			files = (
				E61409AF25F9717200106F2E /* WeatherTableViewCell.xib in Resources */,
				E6825D8A25F9612800F1259E /* LaunchScreen.storyboard in Resources */,
				E6825D8725F9612800F1259E /* Assets.xcassets in Resources */,
				E6825D8225F9612500F1259E /* Main.storyboard in Resources */,
			);
			runOnlyForDeploymentPostprocessing = 0;
		};
		E6825D8E25F9612800F1259E /* Resources */ = {
			isa = PBXResourcesBuildPhase;
			buildActionMask = 2147483647;
			files = (
			);
			runOnlyForDeploymentPostprocessing = 0;
		};
		E6825D9925F9612800F1259E /* Resources */ = {
			isa = PBXResourcesBuildPhase;
			buildActionMask = 2147483647;
			files = (
			);
			runOnlyForDeploymentPostprocessing = 0;
		};
/* End PBXResourcesBuildPhase section */

/* Begin PBXShellScriptBuildPhase section */
		A43E3A71F9662576FA925B62 /* [CP] Embed Pods Frameworks */ = {
			isa = PBXShellScriptBuildPhase;
			buildActionMask = 2147483647;
			files = (
			);
			inputFileListPaths = (
				"${PODS_ROOT}/Target Support Files/Pods-DemoXMPP/Pods-DemoXMPP-frameworks-${CONFIGURATION}-input-files.xcfilelist",
			);
			name = "[CP] Embed Pods Frameworks";
			outputFileListPaths = (
				"${PODS_ROOT}/Target Support Files/Pods-DemoXMPP/Pods-DemoXMPP-frameworks-${CONFIGURATION}-output-files.xcfilelist",
			);
			runOnlyForDeploymentPostprocessing = 0;
			shellPath = /bin/sh;
			shellScript = "\"${PODS_ROOT}/Target Support Files/Pods-DemoXMPP/Pods-DemoXMPP-frameworks.sh\"\n";
			showEnvVarsInLog = 0;
		};
		C44F7CCAD7D535F660079E2B /* [CP] Check Pods Manifest.lock */ = {
			isa = PBXShellScriptBuildPhase;
			buildActionMask = 2147483647;
			files = (
			);
			inputFileListPaths = (
			);
			inputPaths = (
				"${PODS_PODFILE_DIR_PATH}/Podfile.lock",
				"${PODS_ROOT}/Manifest.lock",
			);
			name = "[CP] Check Pods Manifest.lock";
			outputFileListPaths = (
			);
			outputPaths = (
				"$(DERIVED_FILE_DIR)/Pods-DemoXMPP-checkManifestLockResult.txt",
			);
			runOnlyForDeploymentPostprocessing = 0;
			shellPath = /bin/sh;
			shellScript = "diff \"${PODS_PODFILE_DIR_PATH}/Podfile.lock\" \"${PODS_ROOT}/Manifest.lock\" > /dev/null\nif [ $? != 0 ] ; then\n    # print error to STDERR\n    echo \"error: The sandbox is not in sync with the Podfile.lock. Run 'pod install' or update your CocoaPods installation.\" >&2\n    exit 1\nfi\n# This output is used by Xcode 'outputs' to avoid re-running this script phase.\necho \"SUCCESS\" > \"${SCRIPT_OUTPUT_FILE_0}\"\n";
			showEnvVarsInLog = 0;
		};
/* End PBXShellScriptBuildPhase section */

/* Begin PBXSourcesBuildPhase section */
		E6825D7325F9612500F1259E /* Sources */ = {
			isa = PBXSourcesBuildPhase;
			buildActionMask = 2147483647;
			files = (
				E6825DC725F9677400F1259E /* XMPPController.swift in Sources */,
				E644180425F9D5EA00B16F4A /* WeatherDetailViewController.swift in Sources */,
				E6825D7F25F9612500F1259E /* ViewController.swift in Sources */,
				E61409AE25F9717200106F2E /* WeatherTableViewCell.swift in Sources */,
				E6825DCD25F967A400F1259E /* LogInViewController.swift in Sources */,
				E64417FC25F9CFF100B16F4A /* DatabaseHelper.swift in Sources */,
				E651614E25F97E8000815E11 /* WeatherModel.swift in Sources */,
				E6825D7B25F9612500F1259E /* AppDelegate.swift in Sources */,
				E651614025F9767B00815E11 /* Service.swift in Sources */,
				E61409B825F9722E00106F2E /* Terminology.swift in Sources */,
				E6825D7D25F9612500F1259E /* SceneDelegate.swift in Sources */,
				E6825D8525F9612500F1259E /* DemoXMPP.xcdatamodeld in Sources */,
				E64417F325F9C7EA00B16F4A /* WeatherDataViewModel.swift in Sources */,
			);
			runOnlyForDeploymentPostprocessing = 0;
		};
		E6825D8C25F9612800F1259E /* Sources */ = {
			isa = PBXSourcesBuildPhase;
			buildActionMask = 2147483647;
			files = (
				E6825D9525F9612800F1259E /* DemoXMPPTests.swift in Sources */,
			);
			runOnlyForDeploymentPostprocessing = 0;
		};
		E6825D9725F9612800F1259E /* Sources */ = {
			isa = PBXSourcesBuildPhase;
			buildActionMask = 2147483647;
			files = (
				E6825DA025F9612800F1259E /* DemoXMPPUITests.swift in Sources */,
			);
			runOnlyForDeploymentPostprocessing = 0;
		};
/* End PBXSourcesBuildPhase section */

/* Begin PBXTargetDependency section */
		E6825D9225F9612800F1259E /* PBXTargetDependency */ = {
			isa = PBXTargetDependency;
			target = E6825D7625F9612500F1259E /* DemoXMPP */;
			targetProxy = E6825D9125F9612800F1259E /* PBXContainerItemProxy */;
		};
		E6825D9D25F9612800F1259E /* PBXTargetDependency */ = {
			isa = PBXTargetDependency;
			target = E6825D7625F9612500F1259E /* DemoXMPP */;
			targetProxy = E6825D9C25F9612800F1259E /* PBXContainerItemProxy */;
		};
/* End PBXTargetDependency section */

/* Begin PBXVariantGroup section */
		E6825D8025F9612500F1259E /* Main.storyboard */ = {
			isa = PBXVariantGroup;
			children = (
				E6825D8125F9612500F1259E /* Base */,
			);
			name = Main.storyboard;
			sourceTree = "<group>";
		};
		E6825D8825F9612800F1259E /* LaunchScreen.storyboard */ = {
			isa = PBXVariantGroup;
			children = (
				E6825D8925F9612800F1259E /* Base */,
			);
			name = LaunchScreen.storyboard;
			sourceTree = "<group>";
		};
/* End PBXVariantGroup section */

/* Begin XCBuildConfiguration section */
		E6825DA225F9612800F1259E /* Debug */ = {
			isa = XCBuildConfiguration;
			baseConfigurationReference = E651614525F97AB100815E11 /* DemoXMPP-Dev.xcconfig */;
			buildSettings = {
				ALWAYS_SEARCH_USER_PATHS = NO;
				CLANG_ANALYZER_NONNULL = YES;
				CLANG_ANALYZER_NUMBER_OBJECT_CONVERSION = YES_AGGRESSIVE;
				CLANG_CXX_LANGUAGE_STANDARD = "gnu++14";
				CLANG_CXX_LIBRARY = "libc++";
				CLANG_ENABLE_MODULES = YES;
				CLANG_ENABLE_OBJC_ARC = YES;
				CLANG_ENABLE_OBJC_WEAK = YES;
				CLANG_WARN_BLOCK_CAPTURE_AUTORELEASING = YES;
				CLANG_WARN_BOOL_CONVERSION = YES;
				CLANG_WARN_COMMA = YES;
				CLANG_WARN_CONSTANT_CONVERSION = YES;
				CLANG_WARN_DEPRECATED_OBJC_IMPLEMENTATIONS = YES;
				CLANG_WARN_DIRECT_OBJC_ISA_USAGE = YES_ERROR;
				CLANG_WARN_DOCUMENTATION_COMMENTS = YES;
				CLANG_WARN_EMPTY_BODY = YES;
				CLANG_WARN_ENUM_CONVERSION = YES;
				CLANG_WARN_INFINITE_RECURSION = YES;
				CLANG_WARN_INT_CONVERSION = YES;
				CLANG_WARN_NON_LITERAL_NULL_CONVERSION = YES;
				CLANG_WARN_OBJC_IMPLICIT_RETAIN_SELF = YES;
				CLANG_WARN_OBJC_LITERAL_CONVERSION = YES;
				CLANG_WARN_OBJC_ROOT_CLASS = YES_ERROR;
				CLANG_WARN_QUOTED_INCLUDE_IN_FRAMEWORK_HEADER = YES;
				CLANG_WARN_RANGE_LOOP_ANALYSIS = YES;
				CLANG_WARN_STRICT_PROTOTYPES = YES;
				CLANG_WARN_SUSPICIOUS_MOVE = YES;
				CLANG_WARN_UNGUARDED_AVAILABILITY = YES_AGGRESSIVE;
				CLANG_WARN_UNREACHABLE_CODE = YES;
				CLANG_WARN__DUPLICATE_METHOD_MATCH = YES;
				COPY_PHASE_STRIP = NO;
				DEBUG_INFORMATION_FORMAT = dwarf;
				ENABLE_STRICT_OBJC_MSGSEND = YES;
				ENABLE_TESTABILITY = YES;
				GCC_C_LANGUAGE_STANDARD = gnu11;
				GCC_DYNAMIC_NO_PIC = NO;
				GCC_NO_COMMON_BLOCKS = YES;
				GCC_OPTIMIZATION_LEVEL = 0;
				GCC_PREPROCESSOR_DEFINITIONS = (
					"DEBUG=1",
					"$(inherited)",
				);
				GCC_WARN_64_TO_32_BIT_CONVERSION = YES;
				GCC_WARN_ABOUT_RETURN_TYPE = YES_ERROR;
				GCC_WARN_UNDECLARED_SELECTOR = YES;
				GCC_WARN_UNINITIALIZED_AUTOS = YES_AGGRESSIVE;
				GCC_WARN_UNUSED_FUNCTION = YES;
				GCC_WARN_UNUSED_VARIABLE = YES;
				IPHONEOS_DEPLOYMENT_TARGET = 14.2;
				MTL_ENABLE_DEBUG_INFO = INCLUDE_SOURCE;
				MTL_FAST_MATH = YES;
				ONLY_ACTIVE_ARCH = YES;
				SDKROOT = iphoneos;
				SWIFT_ACTIVE_COMPILATION_CONDITIONS = DEBUG;
				SWIFT_OPTIMIZATION_LEVEL = "-Onone";
			};
			name = Debug;
		};
		E6825DA325F9612800F1259E /* Release */ = {
			isa = XCBuildConfiguration;
			buildSettings = {
				ALWAYS_SEARCH_USER_PATHS = NO;
				CLANG_ANALYZER_NONNULL = YES;
				CLANG_ANALYZER_NUMBER_OBJECT_CONVERSION = YES_AGGRESSIVE;
				CLANG_CXX_LANGUAGE_STANDARD = "gnu++14";
				CLANG_CXX_LIBRARY = "libc++";
				CLANG_ENABLE_MODULES = YES;
				CLANG_ENABLE_OBJC_ARC = YES;
				CLANG_ENABLE_OBJC_WEAK = YES;
				CLANG_WARN_BLOCK_CAPTURE_AUTORELEASING = YES;
				CLANG_WARN_BOOL_CONVERSION = YES;
				CLANG_WARN_COMMA = YES;
				CLANG_WARN_CONSTANT_CONVERSION = YES;
				CLANG_WARN_DEPRECATED_OBJC_IMPLEMENTATIONS = YES;
				CLANG_WARN_DIRECT_OBJC_ISA_USAGE = YES_ERROR;
				CLANG_WARN_DOCUMENTATION_COMMENTS = YES;
				CLANG_WARN_EMPTY_BODY = YES;
				CLANG_WARN_ENUM_CONVERSION = YES;
				CLANG_WARN_INFINITE_RECURSION = YES;
				CLANG_WARN_INT_CONVERSION = YES;
				CLANG_WARN_NON_LITERAL_NULL_CONVERSION = YES;
				CLANG_WARN_OBJC_IMPLICIT_RETAIN_SELF = YES;
				CLANG_WARN_OBJC_LITERAL_CONVERSION = YES;
				CLANG_WARN_OBJC_ROOT_CLASS = YES_ERROR;
				CLANG_WARN_QUOTED_INCLUDE_IN_FRAMEWORK_HEADER = YES;
				CLANG_WARN_RANGE_LOOP_ANALYSIS = YES;
				CLANG_WARN_STRICT_PROTOTYPES = YES;
				CLANG_WARN_SUSPICIOUS_MOVE = YES;
				CLANG_WARN_UNGUARDED_AVAILABILITY = YES_AGGRESSIVE;
				CLANG_WARN_UNREACHABLE_CODE = YES;
				CLANG_WARN__DUPLICATE_METHOD_MATCH = YES;
				COPY_PHASE_STRIP = NO;
				DEBUG_INFORMATION_FORMAT = "dwarf-with-dsym";
				ENABLE_NS_ASSERTIONS = NO;
				ENABLE_STRICT_OBJC_MSGSEND = YES;
				GCC_C_LANGUAGE_STANDARD = gnu11;
				GCC_NO_COMMON_BLOCKS = YES;
				GCC_WARN_64_TO_32_BIT_CONVERSION = YES;
				GCC_WARN_ABOUT_RETURN_TYPE = YES_ERROR;
				GCC_WARN_UNDECLARED_SELECTOR = YES;
				GCC_WARN_UNINITIALIZED_AUTOS = YES_AGGRESSIVE;
				GCC_WARN_UNUSED_FUNCTION = YES;
				GCC_WARN_UNUSED_VARIABLE = YES;
				IPHONEOS_DEPLOYMENT_TARGET = 14.2;
				MTL_ENABLE_DEBUG_INFO = NO;
				MTL_FAST_MATH = YES;
				SDKROOT = iphoneos;
				SWIFT_COMPILATION_MODE = wholemodule;
				SWIFT_OPTIMIZATION_LEVEL = "-O";
				VALIDATE_PRODUCT = YES;
			};
			name = Release;
		};
		E6825DA525F9612800F1259E /* Debug */ = {
			isa = XCBuildConfiguration;
			baseConfigurationReference = 5400F9030BF62253522D6842 /* Pods-DemoXMPP.debug.xcconfig */;
			buildSettings = {
				ASSETCATALOG_COMPILER_APPICON_NAME = AppIcon;
				ASSETCATALOG_COMPILER_GLOBAL_ACCENT_COLOR_NAME = AccentColor;
				CODE_SIGN_STYLE = Automatic;
				DEVELOPMENT_TEAM = 5QZ6M5QJD5;
				INFOPLIST_FILE = DemoXMPP/Info.plist;
				LD_RUNPATH_SEARCH_PATHS = (
					"$(inherited)",
					"@executable_path/Frameworks",
				);
				PRODUCT_BUNDLE_IDENTIFIER = com.rishabh.machineround.DemoXMPP;
				PRODUCT_NAME = "$(TARGET_NAME)";
				SWIFT_VERSION = 5.0;
				TARGETED_DEVICE_FAMILY = 1;
			};
			name = Debug;
		};
		E6825DA625F9612800F1259E /* Release */ = {
			isa = XCBuildConfiguration;
			baseConfigurationReference = 10E8F3CD5D554AAD11A8BD1E /* Pods-DemoXMPP.release.xcconfig */;
			buildSettings = {
				ASSETCATALOG_COMPILER_APPICON_NAME = AppIcon;
				ASSETCATALOG_COMPILER_GLOBAL_ACCENT_COLOR_NAME = AccentColor;
				CODE_SIGN_STYLE = Automatic;
				DEVELOPMENT_TEAM = 5QZ6M5QJD5;
				INFOPLIST_FILE = DemoXMPP/Info.plist;
				LD_RUNPATH_SEARCH_PATHS = (
					"$(inherited)",
					"@executable_path/Frameworks",
				);
				PRODUCT_BUNDLE_IDENTIFIER = com.rishabh.machineround.DemoXMPP;
				PRODUCT_NAME = "$(TARGET_NAME)";
				SWIFT_VERSION = 5.0;
				TARGETED_DEVICE_FAMILY = 1;
			};
			name = Release;
		};
		E6825DA825F9612800F1259E /* Debug */ = {
			isa = XCBuildConfiguration;
			buildSettings = {
				ALWAYS_EMBED_SWIFT_STANDARD_LIBRARIES = YES;
				BUNDLE_LOADER = "$(TEST_HOST)";
				CODE_SIGN_STYLE = Automatic;
				DEVELOPMENT_TEAM = 5QZ6M5QJD5;
				INFOPLIST_FILE = DemoXMPPTests/Info.plist;
				IPHONEOS_DEPLOYMENT_TARGET = 14.2;
				LD_RUNPATH_SEARCH_PATHS = (
					"$(inherited)",
					"@executable_path/Frameworks",
					"@loader_path/Frameworks",
				);
				PRODUCT_BUNDLE_IDENTIFIER = com.rishabh.machineround.DemoXMPPTests;
				PRODUCT_NAME = "$(TARGET_NAME)";
				SWIFT_VERSION = 5.0;
				TARGETED_DEVICE_FAMILY = "1,2";
				TEST_HOST = "$(BUILT_PRODUCTS_DIR)/DemoXMPP.app/DemoXMPP";
			};
			name = Debug;
		};
		E6825DA925F9612800F1259E /* Release */ = {
			isa = XCBuildConfiguration;
			buildSettings = {
				ALWAYS_EMBED_SWIFT_STANDARD_LIBRARIES = YES;
				BUNDLE_LOADER = "$(TEST_HOST)";
				CODE_SIGN_STYLE = Automatic;
				DEVELOPMENT_TEAM = 5QZ6M5QJD5;
				INFOPLIST_FILE = DemoXMPPTests/Info.plist;
				IPHONEOS_DEPLOYMENT_TARGET = 14.2;
				LD_RUNPATH_SEARCH_PATHS = (
					"$(inherited)",
					"@executable_path/Frameworks",
					"@loader_path/Frameworks",
				);
				PRODUCT_BUNDLE_IDENTIFIER = com.rishabh.machineround.DemoXMPPTests;
				PRODUCT_NAME = "$(TARGET_NAME)";
				SWIFT_VERSION = 5.0;
				TARGETED_DEVICE_FAMILY = "1,2";
				TEST_HOST = "$(BUILT_PRODUCTS_DIR)/DemoXMPP.app/DemoXMPP";
			};
			name = Release;
		};
		E6825DAB25F9612800F1259E /* Debug */ = {
			isa = XCBuildConfiguration;
			buildSettings = {
				ALWAYS_EMBED_SWIFT_STANDARD_LIBRARIES = YES;
				CODE_SIGN_STYLE = Automatic;
				DEVELOPMENT_TEAM = 5QZ6M5QJD5;
				INFOPLIST_FILE = DemoXMPPUITests/Info.plist;
				LD_RUNPATH_SEARCH_PATHS = (
					"$(inherited)",
					"@executable_path/Frameworks",
					"@loader_path/Frameworks",
				);
				PRODUCT_BUNDLE_IDENTIFIER = com.rishabh.machineround.DemoXMPPUITests;
				PRODUCT_NAME = "$(TARGET_NAME)";
				SWIFT_VERSION = 5.0;
				TARGETED_DEVICE_FAMILY = "1,2";
				TEST_TARGET_NAME = DemoXMPP;
			};
			name = Debug;
		};
		E6825DAC25F9612800F1259E /* Release */ = {
			isa = XCBuildConfiguration;
			buildSettings = {
				ALWAYS_EMBED_SWIFT_STANDARD_LIBRARIES = YES;
				CODE_SIGN_STYLE = Automatic;
				DEVELOPMENT_TEAM = 5QZ6M5QJD5;
				INFOPLIST_FILE = DemoXMPPUITests/Info.plist;
				LD_RUNPATH_SEARCH_PATHS = (
					"$(inherited)",
					"@executable_path/Frameworks",
					"@loader_path/Frameworks",
				);
				PRODUCT_BUNDLE_IDENTIFIER = com.rishabh.machineround.DemoXMPPUITests;
				PRODUCT_NAME = "$(TARGET_NAME)";
				SWIFT_VERSION = 5.0;
				TARGETED_DEVICE_FAMILY = "1,2";
				TEST_TARGET_NAME = DemoXMPP;
			};
			name = Release;
		};
/* End XCBuildConfiguration section */

/* Begin XCConfigurationList section */
		E6825D7225F9612500F1259E /* Build configuration list for PBXProject "DemoXMPP" */ = {
			isa = XCConfigurationList;
			buildConfigurations = (
				E6825DA225F9612800F1259E /* Debug */,
				E6825DA325F9612800F1259E /* Release */,
			);
			defaultConfigurationIsVisible = 0;
			defaultConfigurationName = Release;
		};
		E6825DA425F9612800F1259E /* Build configuration list for PBXNativeTarget "DemoXMPP" */ = {
			isa = XCConfigurationList;
			buildConfigurations = (
				E6825DA525F9612800F1259E /* Debug */,
				E6825DA625F9612800F1259E /* Release */,
			);
			defaultConfigurationIsVisible = 0;
			defaultConfigurationName = Release;
		};
		E6825DA725F9612800F1259E /* Build configuration list for PBXNativeTarget "DemoXMPPTests" */ = {
			isa = XCConfigurationList;
			buildConfigurations = (
				E6825DA825F9612800F1259E /* Debug */,
				E6825DA925F9612800F1259E /* Release */,
			);
			defaultConfigurationIsVisible = 0;
			defaultConfigurationName = Release;
		};
		E6825DAA25F9612800F1259E /* Build configuration list for PBXNativeTarget "DemoXMPPUITests" */ = {
			isa = XCConfigurationList;
			buildConfigurations = (
				E6825DAB25F9612800F1259E /* Debug */,
				E6825DAC25F9612800F1259E /* Release */,
			);
			defaultConfigurationIsVisible = 0;
			defaultConfigurationName = Release;
		};
/* End XCConfigurationList section */

/* Begin XCVersionGroup section */
		E6825D8325F9612500F1259E /* DemoXMPP.xcdatamodeld */ = {
			isa = XCVersionGroup;
			children = (
				E6825D8425F9612500F1259E /* DemoXMPP.xcdatamodel */,
			);
			currentVersion = E6825D8425F9612500F1259E /* DemoXMPP.xcdatamodel */;
			path = DemoXMPP.xcdatamodeld;
			sourceTree = "<group>";
			versionGroupType = wrapper.xcdatamodel;
		};
/* End XCVersionGroup section */
	};
	rootObject = E6825D6F25F9612500F1259E /* Project object */;
}
